
Microsoft Visual Studio Solution File, Format Version 12.00
# Visual Studio Version 16
VisualStudioVersion = 16.0.31729.503
MinimumVisualStudioVersion = 10.0.40219.1
Project("{FAE04EC0-301F-11D3-BF4B-00C04F79EFBC}") = "BlockKitMod", "BlockKitMod\BlockKitMod.csproj", "{3A3E9CDC-464C-498A-950E-C4C2F1163BFB}"
EndProject
Global
	GlobalSection(SolutionConfigurationPlatforms) = preSolution
		Debug|Any CPU = Debug|Any CPU
		Debug|x64 = Debug|x64
		Release|Any CPU = Release|Any CPU
		Release|x64 = Release|x64
	EndGlobalSection
	GlobalSection(ProjectConfigurationPlatforms) = postSolution
		{3A3E9CDC-464C-498A-950E-C4C2F1163BFB}.Debug|Any CPU.ActiveCfg = Debug|Any CPU
		{3A3E9CDC-464C-498A-950E-C4C2F1163BFB}.Debug|Any CPU.Build.0 = Debug|Any CPU
		{3A3E9CDC-464C-498A-950E-C4C2F1163BFB}.Debug|x64.ActiveCfg = Debug|x64
		{3A3E9CDC-464C-498A-950E-C4C2F1163BFB}.Debug|x64.Build.0 = Debug|x64
		{3A3E9CDC-464C-498A-950E-C4C2F1163BFB}.Release|Any CPU.ActiveCfg = Release|Any CPU
		{3A3E9CDC-464C-498A-950E-C4C2F1163BFB}.Release|Any CPU.Build.0 = Release|Any CPU
		{3A3E9CDC-464C-498A-950E-C4C2F1163BFB}.Release|x64.ActiveCfg = Release|x64
		{3A3E9CDC-464C-498A-950E-C4C2F1163BFB}.Release|x64.Build.0 = Release|x64
	EndGlobalSection
	GlobalSection(SolutionProperties) = preSolution
		HideSolutionNode = FALSE
	EndGlobalSection
	GlobalSection(ExtensibilityGlobals) = postSolution
		SolutionGuid = {13863D2D-882A-4523-9924-6A7E347BBABA}
	EndGlobalSection
EndGlobal
